{
  "name": "@kmamal/machine-learning",
  "version": "0.1.11",
  "lockfileVersion": 3,
  "requires": true,
  "packages": {
    "": {
      "name": "@kmamal/machine-learning",
      "version": "0.1.11",
      "license": "MIT",
      "dependencies": {
        "@kmamal/counts": "^0.0.8",
        "@kmamal/disjoint-set": "^0.0.1",
        "@kmamal/domains": "^0.0.5",
        "@kmamal/geometry": "^0.0.10",
        "@kmamal/heap": "^0.0.10",
        "@kmamal/hyperplane-tree": "^0.0.3",
        "@kmamal/indexed-item-array": "^0.0.4",
        "@kmamal/key-commands": "^0.0.9",
        "@kmamal/linear-algebra": "^0.0.16",
        "@kmamal/numbers": "^0.0.12",
        "@kmamal/optimization": "^0.0.16",
        "@kmamal/sampling": "^0.0.3",
        "@kmamal/statistics": "^0.0.5",
        "@kmamal/triangular": "^0.0.1",
        "@kmamal/util": "^0.2.29",
        "json5": "^2.2.3"
      },
      "devDependencies": {
        "@kmamal/sdl": "^0.11.13",
        "@kmamal/testing": "^0.0.33",
        "@napi-rs/canvas": "^0.1.97"
      }
    },
    "node_modules/@isaacs/fs-minipass": {
      "version": "4.0.1",
      "resolved": "https://registry.npmjs.org/@isaacs/fs-minipass/-/fs-minipass-4.0.1.tgz",
      "integrity": "sha512-wgm9Ehl2jpeqP3zw/7mo3kRHFp5MEDhqAdwy1fTGkHAwnkGOVsgpvQhL8B5n1qlb01jV3n/bI0ZfZp5lWA1k4w==",
      "license": "ISC",
      "dependencies": {
        "minipass": "^7.0.4"
      },
      "engines": {
        "node": ">=18.0.0"
      }
    },
    "node_modules/@kmamal/async": {
      "version": "0.0.3",
      "resolved": "https://registry.npmjs.org/@kmamal/async/-/async-0.0.3.tgz",
      "integrity": "sha512-rMpRbRN5C+cXVl5TWah8/uOGr1Co4LPBn/p/hK1Vyz2l14obqmoHnxKux2sH1bFsr6RB2gTFd9Qeqr3qA5gzkA==",
      "dev": true,
      "dependencies": {
        "@kmamal/util": "^0.1.6"
      }
    },
    "node_modules/@kmamal/async/node_modules/@kmamal/heap": {
      "version": "0.0.7",
      "resolved": "https://registry.npmjs.org/@kmamal/heap/-/heap-0.0.7.tgz",
      "integrity": "sha512-iERysjNkc5uizK6fJRZGcjgMfGZDgSZm/MxG/rF4THGndcfBp5mLRMe3dioKlKCvqWNBk9ZcnqkDNM+ga2Eo0w==",
      "dev": true,
      "dependencies": {
        "@kmamal/util": "^0.1.13"
      }
    },
    "node_modules/@kmamal/async/node_modules/@kmamal/linked-list": {
      "version": "0.0.1",
      "resolved": "https://registry.npmjs.org/@kmamal/linked-list/-/linked-list-0.0.1.tgz",
      "integrity": "sha512-+zh1gjJHikF196idEBJ6kqw81FGU3pzzahAFdErv5K0ZzctbTb/p1ANquDGwZ2Xm6a6rD8efWdmtGGFh/Rbghw==",
      "dev": true
    },
    "node_modules/@kmamal/async/node_modules/@kmamal/util": {
      "version": "0.1.15",
      "resolved": "https://registry.npmjs.org/@kmamal/util/-/util-0.1.15.tgz",
      "integrity": "sha512-elKShVVD+xlOnPG/1XqtvCrBmxcXD0FYaaVplYAqOkJnWKrv3OW/yTrt92jiJHxXUJfv6aJqdlsoEbqrRxLVNQ==",
      "dev": true,
      "dependencies": {
        "@kmamal/heap": "^0.0.7",
        "@kmamal/linked-list": "^0.0.1"
      }
    },
    "node_modules/@kmamal/complex": {
      "version": "0.0.1",
      "resolved": "https://registry.npmjs.org/@kmamal/complex/-/complex-0.0.1.tgz",
      "integrity": "sha512-4/NS7QS1Sn4zv8Wu/KVqTlPEvQpHYvaGLY3DoRepGQF8/SIvbRKd1YQ0p0X0nWXZq5kS5zIm04Ds4WiOU9X8ew==",
      "license": "MIT",
      "dependencies": {
        "@kmamal/util": "^0.2.1"
      }
    },
    "node_modules/@kmamal/counts": {
      "version": "0.0.8",
      "resolved": "https://registry.npmjs.org/@kmamal/counts/-/counts-0.0.8.tgz",
      "integrity": "sha512-UCRsJrpUJhrQiMX9W32zLhqb212NQMrou4+l0o+GLYvZteKSuiVPkI90JXG6q7VLp1jUs0NJLh+l+OWh603deQ==",
      "dependencies": {
        "@kmamal/util": "^0.2.8"
      }
    },
    "node_modules/@kmamal/disjoint-set": {
      "version": "0.0.1",
      "resolved": "https://registry.npmjs.org/@kmamal/disjoint-set/-/disjoint-set-0.0.1.tgz",
      "integrity": "sha512-1v4DmxWA9iii1ius5Bwmi0PHnxR/wGf+5qxWNLBwxbKuYRPy+UI15XE6Iw7MpykVTE1YthbivGrk5kJS89Tk4Q=="
    },
    "node_modules/@kmamal/domains": {
      "version": "0.0.5",
      "resolved": "https://registry.npmjs.org/@kmamal/domains/-/domains-0.0.5.tgz",
      "integrity": "sha512-yl2pGX+CHzMFAlisTPbC0oAQqZwixtE6fw6k5nPXXCshdRAme8DJjRcoZHsUXGcfwpVI3YcBvLnQHtuAI7Z8IA==",
      "license": "MIT",
      "dependencies": {
        "@kmamal/util": "^0.2.6"
      }
    },
    "node_modules/@kmamal/fft": {
      "version": "0.0.2",
      "resolved": "https://registry.npmjs.org/@kmamal/fft/-/fft-0.0.2.tgz",
      "integrity": "sha512-7uCSZWj4RLN+nDU/sx/qiCoV0jdCuH0BST3/Gy9iW1FGdTzRRNMsB9UaI9PvGqlyph4b/fxkblNLXbHvUE9TAQ==",
      "license": "MIT",
      "dependencies": {
        "@kmamal/complex": "^0.0.1",
        "@kmamal/util": "^0.2.29"
      }
    },
    "node_modules/@kmamal/geometry": {
      "version": "0.0.10",
      "resolved": "https://registry.npmjs.org/@kmamal/geometry/-/geometry-0.0.10.tgz",
      "integrity": "sha512-lzV3LLsPiWp4w3WmIBVmFc/lCO9p2W+MYqonPqUpqYp0oNeMQV1Z7ps36I5P1KiUa7fP6oC9kBC2PgNu2LOwJg==",
      "dependencies": {
        "@kmamal/heap": "^0.0.8",
        "@kmamal/linear-algebra": "^0.0.5",
        "@kmamal/triangular": "^0.0.1",
        "@kmamal/util": "^0.2.0"
      }
    },
    "node_modules/@kmamal/geometry/node_modules/@kmamal/heap": {
      "version": "0.0.8",
      "resolved": "https://registry.npmjs.org/@kmamal/heap/-/heap-0.0.8.tgz",
      "integrity": "sha512-REiuMNkakujmrxcjGKT/ZVnqRNbWGsNEwsA1l5hvB9t4o/Or1OaXIVjwcDQR2bq7BOY7cYrbMcZMBcPVeBaESg==",
      "dependencies": {
        "@kmamal/util": "^0.1.13"
      }
    },
    "node_modules/@kmamal/geometry/node_modules/@kmamal/heap/node_modules/@kmamal/heap": {
      "version": "0.0.7",
      "resolved": "https://registry.npmjs.org/@kmamal/heap/-/heap-0.0.7.tgz",
      "integrity": "sha512-iERysjNkc5uizK6fJRZGcjgMfGZDgSZm/MxG/rF4THGndcfBp5mLRMe3dioKlKCvqWNBk9ZcnqkDNM+ga2Eo0w==",
      "dependencies": {
        "@kmamal/util": "^0.1.13"
      }
    },
    "node_modules/@kmamal/geometry/node_modules/@kmamal/heap/node_modules/@kmamal/util": {
      "version": "0.1.15",
      "resolved": "https://registry.npmjs.org/@kmamal/util/-/util-0.1.15.tgz",
      "integrity": "sha512-elKShVVD+xlOnPG/1XqtvCrBmxcXD0FYaaVplYAqOkJnWKrv3OW/yTrt92jiJHxXUJfv6aJqdlsoEbqrRxLVNQ==",
      "dependencies": {
        "@kmamal/heap": "^0.0.7",
        "@kmamal/linked-list": "^0.0.1"
      }
    },
    "node_modules/@kmamal/geometry/node_modules/@kmamal/linear-algebra": {
      "version": "0.0.5",
      "resolved": "https://registry.npmjs.org/@kmamal/linear-algebra/-/linear-algebra-0.0.5.tgz",
      "integrity": "sha512-LNw+2+1s+sWrDWc/UdfHTrk5LXovXJmXqz4ZOPiFNN2qFG+5sKH8OioqM2dadISfBIn8K/J6giiVWSuVJ6U7qA==",
      "dependencies": {
        "@kmamal/util": "^0.1.13"
      }
    },
    "node_modules/@kmamal/geometry/node_modules/@kmamal/linear-algebra/node_modules/@kmamal/heap": {
      "version": "0.0.7",
      "resolved": "https://registry.npmjs.org/@kmamal/heap/-/heap-0.0.7.tgz",
      "integrity": "sha512-iERysjNkc5uizK6fJRZGcjgMfGZDgSZm/MxG/rF4THGndcfBp5mLRMe3dioKlKCvqWNBk9ZcnqkDNM+ga2Eo0w==",
      "dependencies": {
        "@kmamal/util": "^0.1.13"
      }
    },
    "node_modules/@kmamal/geometry/node_modules/@kmamal/linear-algebra/node_modules/@kmamal/util": {
      "version": "0.1.15",
      "resolved": "https://registry.npmjs.org/@kmamal/util/-/util-0.1.15.tgz",
      "integrity": "sha512-elKShVVD+xlOnPG/1XqtvCrBmxcXD0FYaaVplYAqOkJnWKrv3OW/yTrt92jiJHxXUJfv6aJqdlsoEbqrRxLVNQ==",
      "dependencies": {
        "@kmamal/heap": "^0.0.7",
        "@kmamal/linked-list": "^0.0.1"
      }
    },
    "node_modules/@kmamal/geometry/node_modules/@kmamal/linked-list": {
      "version": "0.0.1",
      "resolved": "https://registry.npmjs.org/@kmamal/linked-list/-/linked-list-0.0.1.tgz",
      "integrity": "sha512-+zh1gjJHikF196idEBJ6kqw81FGU3pzzahAFdErv5K0ZzctbTb/p1ANquDGwZ2Xm6a6rD8efWdmtGGFh/Rbghw=="
    },
    "node_modules/@kmamal/globs": {
      "version": "0.0.4",
      "resolved": "https://registry.npmjs.org/@kmamal/globs/-/globs-0.0.4.tgz",
      "integrity": "sha512-XzvtspWYgoG9u2ecrKl3vTs5XFFO2S56QfmNEogy1vubZdnsOg+YDVh/UBKgCPrXdHp/GzrQQlhOaqgrot56Vg==",
      "dev": true,
      "dependencies": {
        "@kmamal/recurse": "^0.0.1"
      }
    },
    "node_modules/@kmamal/heap": {
      "version": "0.0.10",
      "resolved": "https://registry.npmjs.org/@kmamal/heap/-/heap-0.0.10.tgz",
      "integrity": "sha512-zHLhFtVdCY2GBuw3TyaY5geB/WjscPazP/zTUKTG0NlAygWMO6ItE79sxXWQ9L+TXEewzleSE2oDgOQWFdew7w==",
      "license": "MIT",
      "dependencies": {
        "@kmamal/util": "^0.2.29"
      }
    },
    "node_modules/@kmamal/hyperplane-tree": {
      "version": "0.0.3",
      "resolved": "https://registry.npmjs.org/@kmamal/hyperplane-tree/-/hyperplane-tree-0.0.3.tgz",
      "integrity": "sha512-yWFNso/jvm77Oip65A9OCH8n4A4tirSpNCu5DLw7rIY+U4uxk/Rlxea2ho3vuXa33fNrz6+im/37PDV+UnFBTQ==",
      "license": "MIT",
      "dependencies": {
        "@kmamal/util": "^0.2.4"
      }
    },
    "node_modules/@kmamal/indexed-item-array": {
      "version": "0.0.4",
      "resolved": "https://registry.npmjs.org/@kmamal/indexed-item-array/-/indexed-item-array-0.0.4.tgz",
      "integrity": "sha512-6cHHPEO9XI/bBulW85e4NRScmBgzlfMf6xMjR1nxXknE1/GcFJRtgtkC1pRTCUHIGHx4s3oy7UviwgQFFWgS2g==",
      "dependencies": {
        "@kmamal/util": "^0.2.1"
      }
    },
    "node_modules/@kmamal/key-commands": {
      "version": "0.0.9",
      "resolved": "https://registry.npmjs.org/@kmamal/key-commands/-/key-commands-0.0.9.tgz",
      "integrity": "sha512-a1K91MQDWzw8jiT1y3zYXxQfYTrbJgUU9vzMdlrLaXkofxACz7re0EJ1FxKNix8fcO0rUNf1Y0MnQ/201zhbGQ==",
      "license": "MIT",
      "dependencies": {
        "@kmamal/sdl": "^0.11.5",
        "@kmamal/util": "^0.2.24"
      }
    },
    "node_modules/@kmamal/linear-algebra": {
      "version": "0.0.16",
      "resolved": "https://registry.npmjs.org/@kmamal/linear-algebra/-/linear-algebra-0.0.16.tgz",
      "integrity": "sha512-zH4k03q4KDo/YC70ugBFMskilYIUe0SY9bE/sVIdBVLS9eJhcrVsV/xQYE9syn6C+r6SfWoWr0XnhaV4tO4Uzw==",
      "license": "MIT",
      "dependencies": {
        "@kmamal/util": "^0.2.29"
      }
    },
    "node_modules/@kmamal/linked-list": {
      "version": "0.0.2",
      "resolved": "https://registry.npmjs.org/@kmamal/linked-list/-/linked-list-0.0.2.tgz",
      "integrity": "sha512-DEOB4yypyBD45Qvpq208RXGoaVxoNCEL940z+WnVwh7Fjfv4QXc9TMXc6ijQMavRjLVxiUzZOfKo0minDc2KDg=="
    },
    "node_modules/@kmamal/math": {
      "version": "0.1.4",
      "resolved": "https://registry.npmjs.org/@kmamal/math/-/math-0.1.4.tgz",
      "integrity": "sha512-Gyx3DrWFbG477k5rtm3i1cvycMu2MA/fVclpiDbpw2kRsZ9Jcd50ly3mdLiWjMd+NpLXi/cVoqWLlV6RMtAokw==",
      "license": "MIT",
      "dependencies": {
        "@kmamal/util": "^0.1.13"
      }
    },
    "node_modules/@kmamal/math/node_modules/@kmamal/heap": {
      "version": "0.0.7",
      "resolved": "https://registry.npmjs.org/@kmamal/heap/-/heap-0.0.7.tgz",
      "integrity": "sha512-iERysjNkc5uizK6fJRZGcjgMfGZDgSZm/MxG/rF4THGndcfBp5mLRMe3dioKlKCvqWNBk9ZcnqkDNM+ga2Eo0w==",
      "license": "MIT",
      "dependencies": {
        "@kmamal/util": "^0.1.13"
      }
    },
    "node_modules/@kmamal/math/node_modules/@kmamal/linked-list": {
      "version": "0.0.1",
      "resolved": "https://registry.npmjs.org/@kmamal/linked-list/-/linked-list-0.0.1.tgz",
      "integrity": "sha512-+zh1gjJHikF196idEBJ6kqw81FGU3pzzahAFdErv5K0ZzctbTb/p1ANquDGwZ2Xm6a6rD8efWdmtGGFh/Rbghw==",
      "license": "MIT"
    },
    "node_modules/@kmamal/math/node_modules/@kmamal/util": {
      "version": "0.1.15",
      "resolved": "https://registry.npmjs.org/@kmamal/util/-/util-0.1.15.tgz",
      "integrity": "sha512-elKShVVD+xlOnPG/1XqtvCrBmxcXD0FYaaVplYAqOkJnWKrv3OW/yTrt92jiJHxXUJfv6aJqdlsoEbqrRxLVNQ==",
      "license": "MIT",
      "dependencies": {
        "@kmamal/heap": "^0.0.7",
        "@kmamal/linked-list": "^0.0.1"
      }
    },
    "node_modules/@kmamal/numbers": {
      "version": "0.0.12",
      "resolved": "https://registry.npmjs.org/@kmamal/numbers/-/numbers-0.0.12.tgz",
      "integrity": "sha512-7g7Z6ZkqP03Rpl10hq9Kpwi7jHvjPyxy2rdpsbYEyChegTH2x5U1vToIhMql1w1zL8/zLk+L4T3xuB6jWmR/ig==",
      "license": "MIT",
      "dependencies": {
        "@kmamal/math": "^0.1.4",
        "@kmamal/util": "^0.2.20"
      }
    },
    "node_modules/@kmamal/optimization": {
      "version": "0.0.16",
      "resolved": "https://registry.npmjs.org/@kmamal/optimization/-/optimization-0.0.16.tgz",
      "integrity": "sha512-+0KXE2i8a5mUvRZATnD8DLPQNmfPdbIYC16LEthks74QBNrAeBl5C30cs3wqgja3eSCwtZCQMOj+d4J5bCW0dA==",
      "license": "MIT",
      "dependencies": {
        "@kmamal/async": "^0.0.15",
        "@kmamal/domains": "^0.0.3",
        "@kmamal/heap": "^0.0.9",
        "@kmamal/linear-algebra": "^0.0.11",
        "@kmamal/math": "^0.1.4",
        "@kmamal/numbers": "^0.0.12",
        "@kmamal/sampling": "^0.0.3",
        "@kmamal/util": "^0.2.29"
      }
    },
    "node_modules/@kmamal/optimization/node_modules/@kmamal/async": {
      "version": "0.0.15",
      "resolved": "https://registry.npmjs.org/@kmamal/async/-/async-0.0.15.tgz",
      "integrity": "sha512-sqAnKe2fp8earJCYp6Hl2vFX2RSK7MP3xtHoH0wGpsZ56JKQEZE7NxGa8OCY9vrvJbjDHiR48DzYXeoBYXIyug==",
      "license": "MIT"
    },
    "node_modules/@kmamal/optimization/node_modules/@kmamal/domains": {
      "version": "0.0.3",
      "resolved": "https://registry.npmjs.org/@kmamal/domains/-/domains-0.0.3.tgz",
      "integrity": "sha512-5vWNtiTBZd22MhYUAt+xTRK42iC/zZzBr9Uvhs9ERPP4b2M4GBvuve36MGAMt2yQGBl4ybe/Dqez1KCzl2gfeA==",
      "license": "MIT",
      "dependencies": {
        "@kmamal/util": "^0.2.6"
      }
    },
    "node_modules/@kmamal/optimization/node_modules/@kmamal/heap": {
      "version": "0.0.9",
      "resolved": "https://registry.npmjs.org/@kmamal/heap/-/heap-0.0.9.tgz",
      "integrity": "sha512-hBs4W15f+i89sHRXbOJm/E+IOIh53gZ9vzFVQJzOZs4TLUGM2OydSPm0SG6lmi3x7jpVRfCf/gn+vFoYvHBlgg==",
      "license": "MIT",
      "dependencies": {
        "@kmamal/util": "^0.1.13"
      }
    },
    "node_modules/@kmamal/optimization/node_modules/@kmamal/heap/node_modules/@kmamal/heap": {
      "version": "0.0.7",
      "resolved": "https://registry.npmjs.org/@kmamal/heap/-/heap-0.0.7.tgz",
      "integrity": "sha512-iERysjNkc5uizK6fJRZGcjgMfGZDgSZm/MxG/rF4THGndcfBp5mLRMe3dioKlKCvqWNBk9ZcnqkDNM+ga2Eo0w==",
      "license": "MIT",
      "dependencies": {
        "@kmamal/util": "^0.1.13"
      }
    },
    "node_modules/@kmamal/optimization/node_modules/@kmamal/heap/node_modules/@kmamal/util": {
      "version": "0.1.15",
      "resolved": "https://registry.npmjs.org/@kmamal/util/-/util-0.1.15.tgz",
      "integrity": "sha512-elKShVVD+xlOnPG/1XqtvCrBmxcXD0FYaaVplYAqOkJnWKrv3OW/yTrt92jiJHxXUJfv6aJqdlsoEbqrRxLVNQ==",
      "license": "MIT",
      "dependencies": {
        "@kmamal/heap": "^0.0.7",
        "@kmamal/linked-list": "^0.0.1"
      }
    },
    "node_modules/@kmamal/optimization/node_modules/@kmamal/linear-algebra": {
      "version": "0.0.11",
      "resolved": "https://registry.npmjs.org/@kmamal/linear-algebra/-/linear-algebra-0.0.11.tgz",
      "integrity": "sha512-M6Ss7WBeNtzPRuVIGvqPIeqSqK2plYsAjqdFw5+zzs/Ycx+LTtHoTUot7zLW45/ibo5gSn/YsgPLR1zqtmsAiQ==",
      "license": "MIT",
      "dependencies": {
        "@kmamal/util": "^0.2.28"
      }
    },
    "node_modules/@kmamal/optimization/node_modules/@kmamal/linked-list": {
      "version": "0.0.1",
      "resolved": "https://registry.npmjs.org/@kmamal/linked-list/-/linked-list-0.0.1.tgz",
      "integrity": "sha512-+zh1gjJHikF196idEBJ6kqw81FGU3pzzahAFdErv5K0ZzctbTb/p1ANquDGwZ2Xm6a6rD8efWdmtGGFh/Rbghw==",
      "license": "MIT"
    },
    "node_modules/@kmamal/recurse": {
      "version": "0.0.1",
      "resolved": "https://registry.npmjs.org/@kmamal/recurse/-/recurse-0.0.1.tgz",
      "integrity": "sha512-W9WWjrGS7xK7qkl4BnWb7QB2af+kuJFZsA1SW0oiQZYO7Sh7fxemwqeVKSsz3ZU+dwo5ejCT+sWIT6kI+v3xgQ==",
      "dev": true,
      "dependencies": {
        "@kmamal/async": "^0.0.3"
      }
    },
    "node_modules/@kmamal/sampling": {
      "version": "0.0.3",
      "resolved": "https://registry.npmjs.org/@kmamal/sampling/-/sampling-0.0.3.tgz",
      "integrity": "sha512-k1o50fTCz9qWMHJaDERAg9+/zqD+PxEYDjH1HSqpOmOBHiB7OWqaN5tZO3kEZJekOtN8hCq9YPTOGurG2SVHlQ==",
      "dependencies": {
        "@kmamal/util": "^0.2.4"
      }
    },
    "node_modules/@kmamal/sdl": {
      "version": "0.11.13",
      "resolved": "https://registry.npmjs.org/@kmamal/sdl/-/sdl-0.11.13.tgz",
      "integrity": "sha512-9WmxYNtCggi7Ovq1cU7m/s5WXD/+eKQxDMnL3bU8B5vr5GlaLg4xLykDCpcbWKkJJ2i6llTrdL7LiqikwDFz4w==",
      "hasInstallScript": true,
      "license": "MIT",
      "dependencies": {
        "tar": "^7.4.3"
      }
    },
    "node_modules/@kmamal/spectral-density-estimation": {
      "version": "0.0.3",
      "resolved": "https://registry.npmjs.org/@kmamal/spectral-density-estimation/-/spectral-density-estimation-0.0.3.tgz",
      "integrity": "sha512-/oC4HlHShrXzLoXB9YgCYtnLgUM/oWXA4pE4q7Y6DMwdF0GRWdqgwjafulx/YgDF71zYBL/u7esxBYmpN7Ruaw==",
      "license": "MIT",
      "dependencies": {
        "@kmamal/fft": "^0.0.2",
        "@kmamal/numbers": "^0.0.12",
        "@kmamal/util": "^0.2.29"
      }
    },
    "node_modules/@kmamal/statistics": {
      "version": "0.0.5",
      "resolved": "https://registry.npmjs.org/@kmamal/statistics/-/statistics-0.0.5.tgz",
      "integrity": "sha512-k6yOkkm8mK8U6onrNJ9IMHfjqltAz6PrR0bE3kZSLvq1Fj2OJm/YoN3/IgM2RGOegf2taXlmsrneGPia7YchZA==",
      "license": "MIT",
      "dependencies": {
        "@kmamal/counts": "0.0.8",
        "@kmamal/spectral-density-estimation": "0.0.3",
        "@kmamal/triangular": "0.0.1",
        "@kmamal/util": "0.2.29"
      }
    },
    "node_modules/@kmamal/testing": {
      "version": "0.0.33",
      "resolved": "https://registry.npmjs.org/@kmamal/testing/-/testing-0.0.33.tgz",
      "integrity": "sha512-a3GlBayPy6FEH8fYdRefZvG8RgXhGABrAXxb1zzKdl07Fg6KEjqHu/C2TXYWkYsthzHfrLHqVWjLgsXAtq+SYg==",
      "dev": true,
      "license": "MIT",
      "dependencies": {
        "@kmamal/globs": "^0.0.4",
        "@kmamal/util": "^0.2.29"
      },
      "bin": {
        "testing": "bin/testing"
      }
    },
    "node_modules/@kmamal/triangular": {
      "version": "0.0.1",
      "resolved": "https://registry.npmjs.org/@kmamal/triangular/-/triangular-0.0.1.tgz",
      "integrity": "sha512-oxGxNzGaMi96ee0wfQmZKol6lDpJV1JdT/roKRtPVM6l1UcdlXqURJM6v6zca6zbwDIr/bpMGSH6RlGvkQtZyw==",
      "license": "MIT",
      "dependencies": {
        "@kmamal/util": "^0.1.13"
      }
    },
    "node_modules/@kmamal/triangular/node_modules/@kmamal/heap": {
      "version": "0.0.7",
      "resolved": "https://registry.npmjs.org/@kmamal/heap/-/heap-0.0.7.tgz",
      "integrity": "sha512-iERysjNkc5uizK6fJRZGcjgMfGZDgSZm/MxG/rF4THGndcfBp5mLRMe3dioKlKCvqWNBk9ZcnqkDNM+ga2Eo0w==",
      "dependencies": {
        "@kmamal/util": "^0.1.13"
      }
    },
    "node_modules/@kmamal/triangular/node_modules/@kmamal/linked-list": {
      "version": "0.0.1",
      "resolved": "https://registry.npmjs.org/@kmamal/linked-list/-/linked-list-0.0.1.tgz",
      "integrity": "sha512-+zh1gjJHikF196idEBJ6kqw81FGU3pzzahAFdErv5K0ZzctbTb/p1ANquDGwZ2Xm6a6rD8efWdmtGGFh/Rbghw=="
    },
    "node_modules/@kmamal/triangular/node_modules/@kmamal/util": {
      "version": "0.1.15",
      "resolved": "https://registry.npmjs.org/@kmamal/util/-/util-0.1.15.tgz",
      "integrity": "sha512-elKShVVD+xlOnPG/1XqtvCrBmxcXD0FYaaVplYAqOkJnWKrv3OW/yTrt92jiJHxXUJfv6aJqdlsoEbqrRxLVNQ==",
      "dependencies": {
        "@kmamal/heap": "^0.0.7",
        "@kmamal/linked-list": "^0.0.1"
      }
    },
    "node_modules/@kmamal/util": {
      "version": "0.2.29",
      "resolved": "https://registry.npmjs.org/@kmamal/util/-/util-0.2.29.tgz",
      "integrity": "sha512-nNJ95g791C39ORj1PC9a+hi7F52bjgYv0NUQwka8zpdss1qt6AdLtc8YUFMujlj0gHQfrN2YnQ1LV1iXjWX3aw==",
      "license": "MIT",
      "dependencies": {
        "@kmamal/async": "^0.0.13",
        "@kmamal/heap": "^0.0.9",
        "@kmamal/linked-list": "^0.0.2"
      }
    },
    "node_modules/@kmamal/util/node_modules/@kmamal/async": {
      "version": "0.0.13",
      "resolved": "https://registry.npmjs.org/@kmamal/async/-/async-0.0.13.tgz",
      "integrity": "sha512-mILPNcqNIHpBZGQoyKa/jY83RXFFilWRRBdQVByRLbxMipLdqJisiH3cPDDJosujd9OMrxW8168qxlI1oOMcIA==",
      "license": "MIT"
    },
    "node_modules/@kmamal/util/node_modules/@kmamal/heap": {
      "version": "0.0.9",
      "resolved": "https://registry.npmjs.org/@kmamal/heap/-/heap-0.0.9.tgz",
      "integrity": "sha512-hBs4W15f+i89sHRXbOJm/E+IOIh53gZ9vzFVQJzOZs4TLUGM2OydSPm0SG6lmi3x7jpVRfCf/gn+vFoYvHBlgg==",
      "license": "MIT",
      "dependencies": {
        "@kmamal/util": "^0.1.13"
      }
    },
    "node_modules/@kmamal/util/node_modules/@kmamal/util": {
      "version": "0.1.15",
      "resolved": "https://registry.npmjs.org/@kmamal/util/-/util-0.1.15.tgz",
      "integrity": "sha512-elKShVVD+xlOnPG/1XqtvCrBmxcXD0FYaaVplYAqOkJnWKrv3OW/yTrt92jiJHxXUJfv6aJqdlsoEbqrRxLVNQ==",
      "license": "MIT",
      "dependencies": {
        "@kmamal/heap": "^0.0.7",
        "@kmamal/linked-list": "^0.0.1"
      }
    },
    "node_modules/@kmamal/util/node_modules/@kmamal/util/node_modules/@kmamal/heap": {
      "version": "0.0.7",
      "resolved": "https://registry.npmjs.org/@kmamal/heap/-/heap-0.0.7.tgz",
      "integrity": "sha512-iERysjNkc5uizK6fJRZGcjgMfGZDgSZm/MxG/rF4THGndcfBp5mLRMe3dioKlKCvqWNBk9ZcnqkDNM+ga2Eo0w==",
      "license": "MIT",
      "dependencies": {
        "@kmamal/util": "^0.1.13"
      }
    },
    "node_modules/@kmamal/util/node_modules/@kmamal/util/node_modules/@kmamal/linked-list": {
      "version": "0.0.1",
      "resolved": "https://registry.npmjs.org/@kmamal/linked-list/-/linked-list-0.0.1.tgz",
      "integrity": "sha512-+zh1gjJHikF196idEBJ6kqw81FGU3pzzahAFdErv5K0ZzctbTb/p1ANquDGwZ2Xm6a6rD8efWdmtGGFh/Rbghw==",
      "license": "MIT"
    },
    "node_modules/@napi-rs/canvas": {
      "version": "0.1.97",
      "resolved": "https://registry.npmjs.org/@napi-rs/canvas/-/canvas-0.1.97.tgz",
      "integrity": "sha512-8cFniXvrIEnVwuNSRCW9wirRZbHvrD3JVujdS2P5n5xiJZNZMOZcfOvJ1pb66c7jXMKHHglJEDVJGbm8XWFcXQ==",
      "dev": true,
      "license": "MIT",
      "workspaces": [
        "e2e/*"
      ],
      "engines": {
        "node": ">= 10"
      },
      "funding": {
        "type": "github",
        "url": "https://github.com/sponsors/Brooooooklyn"
      },
      "optionalDependencies": {
        "@napi-rs/canvas-android-arm64": "0.1.97",
        "@napi-rs/canvas-darwin-arm64": "0.1.97",
        "@napi-rs/canvas-darwin-x64": "0.1.97",
        "@napi-rs/canvas-linux-arm-gnueabihf": "0.1.97",
        "@napi-rs/canvas-linux-arm64-gnu": "0.1.97",
        "@napi-rs/canvas-linux-arm64-musl": "0.1.97",
        "@napi-rs/canvas-linux-riscv64-gnu": "0.1.97",
        "@napi-rs/canvas-linux-x64-gnu": "0.1.97",
        "@napi-rs/canvas-linux-x64-musl": "0.1.97",
        "@napi-rs/canvas-win32-arm64-msvc": "0.1.97",
        "@napi-rs/canvas-win32-x64-msvc": "0.1.97"
      }
    },
    "node_modules/@napi-rs/canvas-android-arm64": {
      "version": "0.1.97",
      "resolved": "https://registry.npmjs.org/@napi-rs/canvas-android-arm64/-/canvas-android-arm64-0.1.97.tgz",
      "integrity": "sha512-V1c/WVw+NzH8vk7ZK/O8/nyBSCQimU8sfMsB/9qeSvdkGKNU7+mxy/bIF0gTgeBFmHpj30S4E9WHMSrxXGQuVQ==",
      "cpu": [
        "arm64"
      ],
      "dev": true,
      "license": "MIT",
      "optional": true,
      "os": [
        "android"
      ],
      "engines": {
        "node": ">= 10"
      },
      "funding": {
        "type": "github",
        "url": "https://github.com/sponsors/Brooooooklyn"
      }
    },
    "node_modules/@napi-rs/canvas-darwin-arm64": {
      "version": "0.1.97",
      "resolved": "https://registry.npmjs.org/@napi-rs/canvas-darwin-arm64/-/canvas-darwin-arm64-0.1.97.tgz",
      "integrity": "sha512-ok+SCEF4YejcxuJ9Rm+WWunHHpf2HmiPxfz6z1a/NFQECGXtsY7A4B8XocK1LmT1D7P174MzwPF9Wy3AUAwEPw==",
      "cpu": [
        "arm64"
      ],
      "dev": true,
      "license": "MIT",
      "optional": true,
      "os": [
        "darwin"
      ],
      "engines": {
        "node": ">= 10"
      },
      "funding": {
        "type": "github",
        "url": "https://github.com/sponsors/Brooooooklyn"
      }
    },
    "node_modules/@napi-rs/canvas-darwin-x64": {
      "version": "0.1.97",
      "resolved": "https://registry.npmjs.org/@napi-rs/canvas-darwin-x64/-/canvas-darwin-x64-0.1.97.tgz",
      "integrity": "sha512-PUP6e6/UGlclUvAQNnuXCcnkpdUou6VYZfQOQxExLp86epOylmiwLkqXIvpFmjoTEDmPmXrI+coL/9EFU1gKPA==",
      "cpu": [
        "x64"
      ],
      "dev": true,
      "license": "MIT",
      "optional": true,
      "os": [
        "darwin"
      ],
      "engines": {
        "node": ">= 10"
      },
      "funding": {
        "type": "github",
        "url": "https://github.com/sponsors/Brooooooklyn"
      }
    },
    "node_modules/@napi-rs/canvas-linux-arm-gnueabihf": {
      "version": "0.1.97",
      "resolved": "https://registry.npmjs.org/@napi-rs/canvas-linux-arm-gnueabihf/-/canvas-linux-arm-gnueabihf-0.1.97.tgz",
      "integrity": "sha512-XyXH2L/cic8eTNtbrXCcvqHtMX/nEOxN18+7rMrAM2XtLYC/EB5s0wnO1FsLMWmK+04ZSLN9FBGipo7kpIkcOw==",
      "cpu": [
        "arm"
      ],
      "dev": true,
      "license": "MIT",
      "optional": true,
      "os": [
        "linux"
      ],
      "engines": {
        "node": ">= 10"
      },
      "funding": {
        "type": "github",
        "url": "https://github.com/sponsors/Brooooooklyn"
      }
    },
    "node_modules/@napi-rs/canvas-linux-arm64-gnu": {
      "version": "0.1.97",
      "resolved": "https://registry.npmjs.org/@napi-rs/canvas-linux-arm64-gnu/-/canvas-linux-arm64-gnu-0.1.97.tgz",
      "integrity": "sha512-Kuq/M3djq0K8ktgz6nPlK7Ne5d4uWeDxPpyKWOjWDK2RIOhHVtLtyLiJw2fuldw7Vn4mhw05EZXCEr4Q76rs9w==",
      "cpu": [
        "arm64"
      ],
      "dev": true,
      "license": "MIT",
      "optional": true,
      "os": [
        "linux"
      ],
      "engines": {
        "node": ">= 10"
      },
      "funding": {
        "type": "github",
        "url": "https://github.com/sponsors/Brooooooklyn"
      }
    },
    "node_modules/@napi-rs/canvas-linux-arm64-musl": {
      "version": "0.1.97",
      "resolved": "https://registry.npmjs.org/@napi-rs/canvas-linux-arm64-musl/-/canvas-linux-arm64-musl-0.1.97.tgz",
      "integrity": "sha512-kKmSkQVnWeqg7qdsiXvYxKhAFuHz3tkBjW/zyQv5YKUPhotpaVhpBGv5LqCngzyuRV85SXoe+OFj+Tv0a0QXkQ==",
      "cpu": [
        "arm64"
      ],
      "dev": true,
      "license": "MIT",
      "optional": true,
      "os": [
        "linux"
      ],
      "engines": {
        "node": ">= 10"
      },
      "funding": {
        "type": "github",
        "url": "https://github.com/sponsors/Brooooooklyn"
      }
    },
    "node_modules/@napi-rs/canvas-linux-riscv64-gnu": {
      "version": "0.1.97",
      "resolved": "https://registry.npmjs.org/@napi-rs/canvas-linux-riscv64-gnu/-/canvas-linux-riscv64-gnu-0.1.97.tgz",
      "integrity": "sha512-Jc7I3A51jnEOIAXeLsN/M/+Z28LUeakcsXs07FLq9prXc0eYOtVwsDEv913Gr+06IRo34gJJVgT0TXvmz+N2VA==",
      "cpu": [
        "riscv64"
      ],
      "dev": true,
      "license": "MIT",
      "optional": true,
      "os": [
        "linux"
      ],
      "engines": {
        "node": ">= 10"
      },
      "funding": {
        "type": "github",
        "url": "https://github.com/sponsors/Brooooooklyn"
      }
    },
    "node_modules/@napi-rs/canvas-linux-x64-gnu": {
      "version": "0.1.97",
      "resolved": "https://registry.npmjs.org/@napi-rs/canvas-linux-x64-gnu/-/canvas-linux-x64-gnu-0.1.97.tgz",
      "integrity": "sha512-iDUBe7AilfuBSRbSa8/IGX38Mf+iCSBqoVKLSQ5XaY2JLOaqz1TVyPFEyIck7wT6mRQhQt5sN6ogfjIDfi74tg==",
      "cpu": [
        "x64"
      ],
      "dev": true,
      "license": "MIT",
      "optional": true,
      "os": [
        "linux"
      ],
      "engines": {
        "node": ">= 10"
      },
      "funding": {
        "type": "github",
        "url": "https://github.com/sponsors/Brooooooklyn"
      }
    },
    "node_modules/@napi-rs/canvas-linux-x64-musl": {
      "version": "0.1.97",
      "resolved": "https://registry.npmjs.org/@napi-rs/canvas-linux-x64-musl/-/canvas-linux-x64-musl-0.1.97.tgz",
      "integrity": "sha512-AKLFd/v0Z5fvgqBDqhvqtAdx+fHMJ5t9JcUNKq4FIZ5WH+iegGm8HPdj00NFlCSnm83Fp3Ln8I2f7uq1aIiWaA==",
      "cpu": [
        "x64"
      ],
      "dev": true,
      "license": "MIT",
      "optional": true,
      "os": [
        "linux"
      ],
      "engines": {
        "node": ">= 10"
      },
      "funding": {
        "type": "github",
        "url": "https://github.com/sponsors/Brooooooklyn"
      }
    },
    "node_modules/@napi-rs/canvas-win32-arm64-msvc": {
      "version": "0.1.97",
      "resolved": "https://registry.npmjs.org/@napi-rs/canvas-win32-arm64-msvc/-/canvas-win32-arm64-msvc-0.1.97.tgz",
      "integrity": "sha512-u883Yr6A6fO7Vpsy9YE4FVCIxzzo5sO+7pIUjjoDLjS3vQaNMkVzx5bdIpEL+ob+gU88WDK4VcxYMZ6nmnoX9A==",
      "cpu": [
        "arm64"
      ],
      "dev": true,
      "license": "MIT",
      "optional": true,
      "os": [
        "win32"
      ],
      "engines": {
        "node": ">= 10"
      },
      "funding": {
        "type": "github",
        "url": "https://github.com/sponsors/Brooooooklyn"
      }
    },
    "node_modules/@napi-rs/canvas-win32-x64-msvc": {
      "version": "0.1.97",
      "resolved": "https://registry.npmjs.org/@napi-rs/canvas-win32-x64-msvc/-/canvas-win32-x64-msvc-0.1.97.tgz",
      "integrity": "sha512-sWtD2EE3fV0IzN+iiQUqr/Q1SwqWhs2O1FKItFlxtdDkikpEj5g7DKQpY3x55H/MAOnL8iomnlk3mcEeGiUMoQ==",
      "cpu": [
        "x64"
      ],
      "dev": true,
      "license": "MIT",
      "optional": true,
      "os": [
        "win32"
      ],
      "engines": {
        "node": ">= 10"
      },
      "funding": {
        "type": "github",
        "url": "https://github.com/sponsors/Brooooooklyn"
      }
    },
    "node_modules/chownr": {
      "version": "3.0.0",
      "resolved": "https://registry.npmjs.org/chownr/-/chownr-3.0.0.tgz",
      "integrity": "sha512-+IxzY9BZOQd/XuYPRmrvEVjF/nqj5kgT4kEq7VofrDoM1MxoRjEWkrCC3EtLi59TVawxTAn+orJwFQcrqEN1+g==",
      "license": "BlueOak-1.0.0",
      "engines": {
        "node": ">=18"
      }
    },
    "node_modules/json5": {
      "version": "2.2.3",
      "resolved": "https://registry.npmjs.org/json5/-/json5-2.2.3.tgz",
      "integrity": "sha512-XmOWe7eyHYH14cLdVPoyg+GOH3rYX++KpzrylJwSW98t3Nk+U8XOl8FWKOgwtzdb8lXGf6zYwDUzeHMWfxasyg==",
      "bin": {
        "json5": "lib/cli.js"
      },
      "engines": {
        "node": ">=6"
      }
    },
    "node_modules/minipass": {
      "version": "7.1.3",
      "resolved": "https://registry.npmjs.org/minipass/-/minipass-7.1.3.tgz",
      "integrity": "sha512-tEBHqDnIoM/1rXME1zgka9g6Q2lcoCkxHLuc7ODJ5BxbP5d4c2Z5cGgtXAku59200Cx7diuHTOYfSBD8n6mm8A==",
      "license": "BlueOak-1.0.0",
      "engines": {
        "node": ">=16 || 14 >=14.17"
      }
    },
    "node_modules/minizlib": {
      "version": "3.1.0",
      "resolved": "https://registry.npmjs.org/minizlib/-/minizlib-3.1.0.tgz",
      "integrity": "sha512-KZxYo1BUkWD2TVFLr0MQoM8vUUigWD3LlD83a/75BqC+4qE0Hb1Vo5v1FgcfaNXvfXzr+5EhQ6ing/CaBijTlw==",
      "license": "MIT",
      "dependencies": {
        "minipass": "^7.1.2"
      },
      "engines": {
        "node": ">= 18"
      }
    },
    "node_modules/tar": {
      "version": "7.5.13",
      "resolved": "https://registry.npmjs.org/tar/-/tar-7.5.13.tgz",
      "integrity": "sha512-tOG/7GyXpFevhXVh8jOPJrmtRpOTsYqUIkVdVooZYJS/z8WhfQUX8RJILmeuJNinGAMSu1veBr4asSHFt5/hng==",
      "license": "BlueOak-1.0.0",
      "dependencies": {
        "@isaacs/fs-minipass": "^4.0.0",
        "chownr": "^3.0.0",
        "minipass": "^7.1.2",
        "minizlib": "^3.1.0",
        "yallist": "^5.0.0"
      },
      "engines": {
        "node": ">=18"
      }
    },
    "node_modules/yallist": {
      "version": "5.0.0",
      "resolved": "https://registry.npmjs.org/yallist/-/yallist-5.0.0.tgz",
      "integrity": "sha512-YgvUTfwqyc7UXVMrB+SImsVYSmTS8X/tSrtdNZMImM+n7+QTriRXyXim0mBrTXNeqzVF0KWGgHPeiyViFFrNDw==",
      "license": "BlueOak-1.0.0",
      "engines": {
        "node": ">=18"
      }
    }
  }
}
